
Microsoft Visual Studio Solution File, Format Version 12.00
# Visual Studio Version 17
VisualStudioVersion = 17.2.32630.192
MinimumVisualStudioVersion = 10.0.40219.1
Project("{FAE04EC0-301F-11D3-BF4B-00C04F79EFBC}") = "Delegats-events-lambda", "Delegats-events-lambda.csproj", "{AEF511E2-447C-4EB7-A3E4-A0C5CA2E0D91}"
EndProject
Global
	GlobalSection(SolutionConfigurationPlatforms) = preSolution
		Debug|Any CPU = Debug|Any CPU
		Release|Any CPU = Release|Any CPU
	EndGlobalSection
	GlobalSection(ProjectConfigurationPlatforms) = postSolution
		{AEF511E2-447C-4EB7-A3E4-A0C5CA2E0D91}.Debug|Any CPU.ActiveCfg = Debug|Any CPU
		{AEF511E2-447C-4EB7-A3E4-A0C5CA2E0D91}.Debug|Any CPU.Build.0 = Debug|Any CPU
		{AEF511E2-447C-4EB7-A3E4-A0C5CA2E0D91}.Release|Any CPU.ActiveCfg = Release|Any CPU
		{AEF511E2-447C-4EB7-A3E4-A0C5CA2E0D91}.Release|Any CPU.Build.0 = Release|Any CPU
	EndGlobalSection
	GlobalSection(SolutionProperties) = preSolution
		HideSolutionNode = FALSE
	EndGlobalSection
	GlobalSection(ExtensibilityGlobals) = postSolution
		SolutionGuid = {445AE463-FA03-48AE-92E2-9C21E43A462A}
	EndGlobalSection
EndGlobal
