
Microsoft Visual Studio Solution File, Format Version 12.00
# Visual Studio Version 17
VisualStudioVersion = 17.4.33110.190
MinimumVisualStudioVersion = 10.0.40219.1
Project("{FAE04EC0-301F-11D3-BF4B-00C04F79EFBC}") = "SingleResponsibility", "SingleResponsibility\SingleResponsibility.csproj", "{0F153AEC-F0D8-4895-958D-DA18F3A44047}"
EndProject
Project("{FAE04EC0-301F-11D3-BF4B-00C04F79EFBC}") = "OpenClosed", "OpenClosed\OpenClosed.csproj", "{62A33BB2-7C05-4109-ACE0-FF524C98A92F}"
EndProject
Project("{FAE04EC0-301F-11D3-BF4B-00C04F79EFBC}") = "LiskovSubstitution", "LiskovSubstitution\LiskovSubstitution.csproj", "{67234905-6188-4534-BA91-7A2BAA10574E}"
EndProject
Project("{FAE04EC0-301F-11D3-BF4B-00C04F79EFBC}") = "InterfaceSegregation", "InterfaceSegregation\InterfaceSegregation.csproj", "{AAC3AE36-97D4-4161-8167-6D337100882D}"
EndProject
Project("{FAE04EC0-301F-11D3-BF4B-00C04F79EFBC}") = "DependencyInversion", "DependencyInversion\DependencyInversion.csproj", "{B753C223-691E-49CE-81FB-4A5B07BB5642}"
EndProject
Global
	GlobalSection(SolutionConfigurationPlatforms) = preSolution
		Debug|Any CPU = Debug|Any CPU
		Release|Any CPU = Release|Any CPU
	EndGlobalSection
	GlobalSection(ProjectConfigurationPlatforms) = postSolution
		{0F153AEC-F0D8-4895-958D-DA18F3A44047}.Debug|Any CPU.ActiveCfg = Debug|Any CPU
		{0F153AEC-F0D8-4895-958D-DA18F3A44047}.Debug|Any CPU.Build.0 = Debug|Any CPU
		{0F153AEC-F0D8-4895-958D-DA18F3A44047}.Release|Any CPU.ActiveCfg = Release|Any CPU
		{0F153AEC-F0D8-4895-958D-DA18F3A44047}.Release|Any CPU.Build.0 = Release|Any CPU
		{62A33BB2-7C05-4109-ACE0-FF524C98A92F}.Debug|Any CPU.ActiveCfg = Debug|Any CPU
		{62A33BB2-7C05-4109-ACE0-FF524C98A92F}.Debug|Any CPU.Build.0 = Debug|Any CPU
		{62A33BB2-7C05-4109-ACE0-FF524C98A92F}.Release|Any CPU.ActiveCfg = Release|Any CPU
		{62A33BB2-7C05-4109-ACE0-FF524C98A92F}.Release|Any CPU.Build.0 = Release|Any CPU
		{67234905-6188-4534-BA91-7A2BAA10574E}.Debug|Any CPU.ActiveCfg = Debug|Any CPU
		{67234905-6188-4534-BA91-7A2BAA10574E}.Debug|Any CPU.Build.0 = Debug|Any CPU
		{67234905-6188-4534-BA91-7A2BAA10574E}.Release|Any CPU.ActiveCfg = Release|Any CPU
		{67234905-6188-4534-BA91-7A2BAA10574E}.Release|Any CPU.Build.0 = Release|Any CPU
		{AAC3AE36-97D4-4161-8167-6D337100882D}.Debug|Any CPU.ActiveCfg = Debug|Any CPU
		{AAC3AE36-97D4-4161-8167-6D337100882D}.Debug|Any CPU.Build.0 = Debug|Any CPU
		{AAC3AE36-97D4-4161-8167-6D337100882D}.Release|Any CPU.ActiveCfg = Release|Any CPU
		{AAC3AE36-97D4-4161-8167-6D337100882D}.Release|Any CPU.Build.0 = Release|Any CPU
		{B753C223-691E-49CE-81FB-4A5B07BB5642}.Debug|Any CPU.ActiveCfg = Debug|Any CPU
		{B753C223-691E-49CE-81FB-4A5B07BB5642}.Debug|Any CPU.Build.0 = Debug|Any CPU
		{B753C223-691E-49CE-81FB-4A5B07BB5642}.Release|Any CPU.ActiveCfg = Release|Any CPU
		{B753C223-691E-49CE-81FB-4A5B07BB5642}.Release|Any CPU.Build.0 = Release|Any CPU
	EndGlobalSection
	GlobalSection(SolutionProperties) = preSolution
		HideSolutionNode = FALSE
	EndGlobalSection
	GlobalSection(ExtensibilityGlobals) = postSolution
		SolutionGuid = {EB3F929F-D28F-4388-B83B-7CFB1E49D1CE}
	EndGlobalSection
EndGlobal
